
Microsoft Visual Studio Solution File, Format Version 12.00
# Visual Studio Version 17
VisualStudioVersion = 17.3.32929.385
MinimumVisualStudioVersion = 10.0.40219.1
Project("{FAE04EC0-301F-11D3-BF4B-00C04F79EFBC}") = "PrometheusSample", "PrometheusSample.csproj", "{49F6FEC1-2E91-4694-8D1B-40E667B47E75}"
EndProject
Global
	GlobalSection(SolutionConfigurationPlatforms) = preSolution
		Debug|Any CPU = Debug|Any CPU
		Release|Any CPU = Release|Any CPU
	EndGlobalSection
	GlobalSection(ProjectConfigurationPlatforms) = postSolution
		{49F6FEC1-2E91-4694-8D1B-40E667B47E75}.Debug|Any CPU.ActiveCfg = Debug|Any CPU
		{49F6FEC1-2E91-4694-8D1B-40E667B47E75}.Debug|Any CPU.Build.0 = Debug|Any CPU
		{49F6FEC1-2E91-4694-8D1B-40E667B47E75}.Release|Any CPU.ActiveCfg = Release|Any CPU
		{49F6FEC1-2E91-4694-8D1B-40E667B47E75}.Release|Any CPU.Build.0 = Release|Any CPU
	EndGlobalSection
	GlobalSection(SolutionProperties) = preSolution
		HideSolutionNode = FALSE
	EndGlobalSection
	GlobalSection(ExtensibilityGlobals) = postSolution
		SolutionGuid = {F2D1B925-8BD9-4BB1-8035-8B6122A03743}
	EndGlobalSection
EndGlobal
